
Microsoft Visual Studio Solution File, Format Version 12.00
# Visual Studio Version 16
VisualStudioVersion = 16.0.31025.194
MinimumVisualStudioVersion = 10.0.40219.1
Project("{9A19103F-16F7-4668-BE54-9A1E7A4F7556}") = "MerchandisingManagementApi", "MerchandisingManagementApi\MerchandisingManagementApi.csproj", "{331C992F-F1A6-4DCB-801B-530B4BD3C847}"
EndProject
Project("{9A19103F-16F7-4668-BE54-9A1E7A4F7556}") = "MerchandisingManagementDataAccess", "MerchandisingManagementDataAccess\MerchandisingManagementDataAccess.csproj", "{800B1DE8-D49F-4960-9455-37C6D1FCBF46}"
EndProject
Project("{9A19103F-16F7-4668-BE54-9A1E7A4F7556}") = "MerchandisingManagementDTOs", "MerchandisingManagementDTOs\MerchandisingManagementDTOs.csproj", "{D0302064-FB93-4D5F-8489-057147BE0C2A}"
EndProject
Project("{9A19103F-16F7-4668-BE54-9A1E7A4F7556}") = "MerchandisingManagementServices", "MerchandisingManagementServices\MerchandisingManagementServices.csproj", "{5BFE7E76-498A-4634-8C9C-A62281CCE331}"
EndProject
Project("{FAE04EC0-301F-11D3-BF4B-00C04F79EFBC}") = "MerchandisingManagementCore", "MerchandisingManagementCore\MerchandisingManagementCore.csproj", "{C8FDEFEF-4CDA-4ED3-8FFA-A9F5585B52F2}"
EndProject
Project("{2150E333-8FDC-42A3-9474-1A3956D46DE8}") = "Solution Items", "Solution Items", "{AC74A188-FBB1-46B1-B489-4CF5A415AD87}"
	ProjectSection(SolutionItems) = preProject
		MerchandisingManagement.sql = MerchandisingManagement.sql
	EndProjectSection
EndProject
Global
	GlobalSection(SolutionConfigurationPlatforms) = preSolution
		Debug|Any CPU = Debug|Any CPU
		Release|Any CPU = Release|Any CPU
	EndGlobalSection
	GlobalSection(ProjectConfigurationPlatforms) = postSolution
		{331C992F-F1A6-4DCB-801B-530B4BD3C847}.Debug|Any CPU.ActiveCfg = Debug|Any CPU
		{331C992F-F1A6-4DCB-801B-530B4BD3C847}.Debug|Any CPU.Build.0 = Debug|Any CPU
		{331C992F-F1A6-4DCB-801B-530B4BD3C847}.Release|Any CPU.ActiveCfg = Release|Any CPU
		{331C992F-F1A6-4DCB-801B-530B4BD3C847}.Release|Any CPU.Build.0 = Release|Any CPU
		{800B1DE8-D49F-4960-9455-37C6D1FCBF46}.Debug|Any CPU.ActiveCfg = Debug|Any CPU
		{800B1DE8-D49F-4960-9455-37C6D1FCBF46}.Debug|Any CPU.Build.0 = Debug|Any CPU
		{800B1DE8-D49F-4960-9455-37C6D1FCBF46}.Release|Any CPU.ActiveCfg = Release|Any CPU
		{800B1DE8-D49F-4960-9455-37C6D1FCBF46}.Release|Any CPU.Build.0 = Release|Any CPU
		{D0302064-FB93-4D5F-8489-057147BE0C2A}.Debug|Any CPU.ActiveCfg = Debug|Any CPU
		{D0302064-FB93-4D5F-8489-057147BE0C2A}.Debug|Any CPU.Build.0 = Debug|Any CPU
		{D0302064-FB93-4D5F-8489-057147BE0C2A}.Release|Any CPU.ActiveCfg = Release|Any CPU
		{D0302064-FB93-4D5F-8489-057147BE0C2A}.Release|Any CPU.Build.0 = Release|Any CPU
		{5BFE7E76-498A-4634-8C9C-A62281CCE331}.Debug|Any CPU.ActiveCfg = Debug|Any CPU
		{5BFE7E76-498A-4634-8C9C-A62281CCE331}.Debug|Any CPU.Build.0 = Debug|Any CPU
		{5BFE7E76-498A-4634-8C9C-A62281CCE331}.Release|Any CPU.ActiveCfg = Release|Any CPU
		{5BFE7E76-498A-4634-8C9C-A62281CCE331}.Release|Any CPU.Build.0 = Release|Any CPU
		{C8FDEFEF-4CDA-4ED3-8FFA-A9F5585B52F2}.Debug|Any CPU.ActiveCfg = Debug|Any CPU
		{C8FDEFEF-4CDA-4ED3-8FFA-A9F5585B52F2}.Debug|Any CPU.Build.0 = Debug|Any CPU
		{C8FDEFEF-4CDA-4ED3-8FFA-A9F5585B52F2}.Release|Any CPU.ActiveCfg = Release|Any CPU
		{C8FDEFEF-4CDA-4ED3-8FFA-A9F5585B52F2}.Release|Any CPU.Build.0 = Release|Any CPU
	EndGlobalSection
	GlobalSection(SolutionProperties) = preSolution
		HideSolutionNode = FALSE
	EndGlobalSection
	GlobalSection(ExtensibilityGlobals) = postSolution
		SolutionGuid = {A09DFC0A-C0FB-4DCB-BDE2-A25CCB73420C}
	EndGlobalSection
EndGlobal
